{
    "_meta": {
        "hash": {
            "sha256": "0fde633fce5ffdfafe54b794ec8e4c59f27f1ed40e4289d8c8b1f6498437f460"
        },
        "requires": {},
        "sources": [
            {
                "url": "https://pypi.python.org/simple",
                "verify_ssl": true
            }
        ]
    },
    "default": {
        "aiohttp": {
            "version": "==2.2.0"
        },
        "async-timeout": {
            "version": "==1.2.1"
        },
        "certifi": {
            "version": "==2017.4.17"
        },
        "chardet": {
            "version": "==3.0.4"
        },
        "idna": {
            "version": "==2.5"
        },
        "multidict": {
            "version": "==3.1.0"
        },
        "oauthlib": {
            "version": "==2.0.2"
        },
        "requests": {
            "version": "==2.18.1"
        },
        "requests-oauthlib": {
            "version": "==0.8.0"
        },
        "urllib3": {
            "version": "==1.21.1"
        },
        "yarl": {
            "version": "==0.10.3"
        }
    },
    "develop": {
        "-e .": "*",
        "-e ../async-patterns": "*",
        "-e ../modconf": "*",
        "coverage": {
            "version": "==4.4.1"
        },
        "py": {
            "version": "==1.4.34"
        },
        "pytest": {
            "version": "==3.1.2"
        },
        "pytest-cov": {
            "version": "==2.5.1"
        },
        "setuptools": {
            "version": "==36.0.1"
        }
    }
}
